
Microsoft Visual Studio Solution File, Format Version 12.00
# Visual Studio Version 16
VisualStudioVersion = 16.0.31624.102
MinimumVisualStudioVersion = 10.0.40219.1
Project("{FAE04EC0-301F-11D3-BF4B-00C04F79EFBC}") = "Lab - Week 14( Graded Assignment)", "12621\Lab - Week 14( Graded Assignment).csproj", "{B8149C18-65AA-4C1C-A62F-26B33C490EA7}"
EndProject
Global
	GlobalSection(SolutionConfigurationPlatforms) = preSolution
		Debug|Any CPU = Debug|Any CPU
		Release|Any CPU = Release|Any CPU
	EndGlobalSection
	GlobalSection(ProjectConfigurationPlatforms) = postSolution
		{B8149C18-65AA-4C1C-A62F-26B33C490EA7}.Debug|Any CPU.ActiveCfg = Debug|Any CPU
		{B8149C18-65AA-4C1C-A62F-26B33C490EA7}.Debug|Any CPU.Build.0 = Debug|Any CPU
		{B8149C18-65AA-4C1C-A62F-26B33C490EA7}.Release|Any CPU.ActiveCfg = Release|Any CPU
		{B8149C18-65AA-4C1C-A62F-26B33C490EA7}.Release|Any CPU.Build.0 = Release|Any CPU
	EndGlobalSection
	GlobalSection(SolutionProperties) = preSolution
		HideSolutionNode = FALSE
	EndGlobalSection
	GlobalSection(ExtensibilityGlobals) = postSolution
		SolutionGuid = {B46738ED-3AC7-4C94-8B22-B1A5F7B09409}
	EndGlobalSection
EndGlobal
